{
  "requires": true,
  "lockfileVersion": 1,
  "dependencies": {
    "@bitcoin-design/bitcoin-icons": {
      "version": "0.1.0",
      "resolved": "https://registry.npmjs.org/@bitcoin-design/bitcoin-icons/-/bitcoin-icons-0.1.0.tgz",
      "integrity": "sha512-b/ypX+SYufWs7Y+KyDa3IOm8D6DVvIIC6ek+U5q1WJojzF+CeyUE0f4YVcdcw43fDnXiaC9oaIf5bcfoqqwSPg=="
    }
  }
}
